
Microsoft Visual Studio Solution File, Format Version 12.00
# Visual Studio Version 17
VisualStudioVersion = 17.9.34728.123
MinimumVisualStudioVersion = 10.0.40219.1
Project("{FAE04EC0-301F-11D3-BF4B-00C04F79EFBC}") = "emne 3 datatyper", "emne 3 datatyper\emne 3 datatyper.csproj", "{5153F07C-38A4-4529-A5B0-1F1B83C295F8}"
EndProject
Global
	GlobalSection(SolutionConfigurationPlatforms) = preSolution
		Debug|Any CPU = Debug|Any CPU
		Release|Any CPU = Release|Any CPU
	EndGlobalSection
	GlobalSection(ProjectConfigurationPlatforms) = postSolution
		{5153F07C-38A4-4529-A5B0-1F1B83C295F8}.Debug|Any CPU.ActiveCfg = Debug|Any CPU
		{5153F07C-38A4-4529-A5B0-1F1B83C295F8}.Debug|Any CPU.Build.0 = Debug|Any CPU
		{5153F07C-38A4-4529-A5B0-1F1B83C295F8}.Release|Any CPU.ActiveCfg = Release|Any CPU
		{5153F07C-38A4-4529-A5B0-1F1B83C295F8}.Release|Any CPU.Build.0 = Release|Any CPU
	EndGlobalSection
	GlobalSection(SolutionProperties) = preSolution
		HideSolutionNode = FALSE
	EndGlobalSection
	GlobalSection(ExtensibilityGlobals) = postSolution
		SolutionGuid = {27985544-006A-461C-9D41-3C59D8F78D19}
	EndGlobalSection
EndGlobal
